
Microsoft Visual Studio Solution File, Format Version 12.00
# Visual Studio Version 17
VisualStudioVersion = 17.0.32014.148
MinimumVisualStudioVersion = 10.0.40219.1
Project("{FAE04EC0-301F-11D3-BF4B-00C04F79EFBC}") = "Stub", "Stub\Stub.csproj", "{2FFDFCA9-31A2-4EE5-B87C-AE5B8D20096D}"
EndProject
Project("{FAE04EC0-301F-11D3-BF4B-00C04F79EFBC}") = "Builder", "Builder\Builder.csproj", "{0937D058-D1C4-46F3-A806-913707519712}"
	ProjectSection(ProjectDependencies) = postProject
		{2FFDFCA9-31A2-4EE5-B87C-AE5B8D20096D} = {2FFDFCA9-31A2-4EE5-B87C-AE5B8D20096D}
	EndProjectSection
EndProject
Global
	GlobalSection(SolutionConfigurationPlatforms) = preSolution
		Debug|Any CPU = Debug|Any CPU
		Release|Any CPU = Release|Any CPU
	EndGlobalSection
	GlobalSection(ProjectConfigurationPlatforms) = postSolution
		{2FFDFCA9-31A2-4EE5-B87C-AE5B8D20096D}.Debug|Any CPU.ActiveCfg = Debug|Any CPU
		{2FFDFCA9-31A2-4EE5-B87C-AE5B8D20096D}.Debug|Any CPU.Build.0 = Debug|Any CPU
		{2FFDFCA9-31A2-4EE5-B87C-AE5B8D20096D}.Release|Any CPU.ActiveCfg = Release|Any CPU
		{2FFDFCA9-31A2-4EE5-B87C-AE5B8D20096D}.Release|Any CPU.Build.0 = Release|Any CPU
		{0937D058-D1C4-46F3-A806-913707519712}.Debug|Any CPU.ActiveCfg = Debug|Any CPU
		{0937D058-D1C4-46F3-A806-913707519712}.Debug|Any CPU.Build.0 = Debug|Any CPU
		{0937D058-D1C4-46F3-A806-913707519712}.Release|Any CPU.ActiveCfg = Release|Any CPU
		{0937D058-D1C4-46F3-A806-913707519712}.Release|Any CPU.Build.0 = Release|Any CPU
	EndGlobalSection
	GlobalSection(SolutionProperties) = preSolution
		HideSolutionNode = FALSE
	EndGlobalSection
	GlobalSection(ExtensibilityGlobals) = postSolution
		SolutionGuid = {0E3FF2B6-BF49-44B7-9F12-FF4924FBBDBE}
	EndGlobalSection
EndGlobal
